{
  "name": "kaboom.claude",
  "version": "1.5.4",
  "lockfileVersion": 3,
  "requires": true,
  "packages": {
    "": {
      "name": "kaboom.claude",
      "version": "1.5.4",
      "license": "GPL-2.0-or-later",
      "os": [
        "linux",
        "darwin"
      ],
      "dependencies": {
        "sixel": "^0.16.0"
      },
      "bin": {
        "kaboom.claude": "bin/kaboom.claude.js"
      },
      "engines": {
        "node": ">=16"
      }
    },
    "node_modules/sixel": {
      "version": "0.16.0",
      "resolved": "https://registry.npmjs.org/sixel/-/sixel-0.16.0.tgz",
      "integrity": "sha512-xicu6Y6Cyhmv5rjyHxq2r5RnKerlL/nyZEGjOU5bLCshXkZryc9JFJThTCKPOAtWXCfeWquEKFVFfMPcTD25PA==",
      "license": "MIT"
    }
  }
}
